
Microsoft Visual Studio Solution File, Format Version 12.00
# Visual Studio 15
VisualStudioVersion = 15.0.27004.2008
MinimumVisualStudioVersion = 10.0.40219.1
Project("{FAE04EC0-301F-11D3-BF4B-00C04F79EFBC}") = "fc", "fc\fc.csproj", "{A786BF25-D41D-4BE8-BB05-83D235E3533B}"
EndProject
Global
	GlobalSection(SolutionConfigurationPlatforms) = preSolution
		Debug|Any CPU = Debug|Any CPU
		Debug|ARM = Debug|ARM
		Debug|x64 = Debug|x64
		Debug|x86 = Debug|x86
		Release|Any CPU = Release|Any CPU
		Release|ARM = Release|ARM
		Release|x64 = Release|x64
		Release|x86 = Release|x86
	EndGlobalSection
	GlobalSection(ProjectConfigurationPlatforms) = postSolution
		{A786BF25-D41D-4BE8-BB05-83D235E3533B}.Debug|Any CPU.ActiveCfg = Debug|Any CPU
		{A786BF25-D41D-4BE8-BB05-83D235E3533B}.Debug|Any CPU.Build.0 = Debug|Any CPU
		{A786BF25-D41D-4BE8-BB05-83D235E3533B}.Debug|ARM.ActiveCfg = Debug|Any CPU
		{A786BF25-D41D-4BE8-BB05-83D235E3533B}.Debug|ARM.Build.0 = Debug|Any CPU
		{A786BF25-D41D-4BE8-BB05-83D235E3533B}.Debug|x64.ActiveCfg = Debug|Any CPU
		{A786BF25-D41D-4BE8-BB05-83D235E3533B}.Debug|x64.Build.0 = Debug|Any CPU
		{A786BF25-D41D-4BE8-BB05-83D235E3533B}.Debug|x86.ActiveCfg = Debug|Any CPU
		{A786BF25-D41D-4BE8-BB05-83D235E3533B}.Debug|x86.Build.0 = Debug|Any CPU
		{A786BF25-D41D-4BE8-BB05-83D235E3533B}.Release|Any CPU.ActiveCfg = Release|Any CPU
		{A786BF25-D41D-4BE8-BB05-83D235E3533B}.Release|Any CPU.Build.0 = Release|Any CPU
		{A786BF25-D41D-4BE8-BB05-83D235E3533B}.Release|ARM.ActiveCfg = Release|Any CPU
		{A786BF25-D41D-4BE8-BB05-83D235E3533B}.Release|ARM.Build.0 = Release|Any CPU
		{A786BF25-D41D-4BE8-BB05-83D235E3533B}.Release|x64.ActiveCfg = Release|Any CPU
		{A786BF25-D41D-4BE8-BB05-83D235E3533B}.Release|x64.Build.0 = Release|Any CPU
		{A786BF25-D41D-4BE8-BB05-83D235E3533B}.Release|x86.ActiveCfg = Release|Any CPU
		{A786BF25-D41D-4BE8-BB05-83D235E3533B}.Release|x86.Build.0 = Release|Any CPU
	EndGlobalSection
	GlobalSection(SolutionProperties) = preSolution
		HideSolutionNode = FALSE
	EndGlobalSection
	GlobalSection(ExtensibilityGlobals) = postSolution
		SolutionGuid = {1C55D10B-962F-4DC9-A045-6B8CA8478EF5}
	EndGlobalSection
EndGlobal
